uuid: f94f8413-6e95-4856-bdef-01b7aed444e7
langcode: en
status: true
dependencies:
  module:
    - nt8search
    - system
  theme:
    - nt8_theme
_core:
  default_config_hash: AclA8DFoVFuTFyN6UzASwVdnvLC-1cnGz-NC6hwB3VM
id: nt8search_block
theme: nt8_theme
region: content
weight: 0
provider: null
plugin: nt8search_block
settings:
  id: nt8search_block
  label: 'Neontabs 8 Search Block'
  provider: nt8search
  label_display: '0'
visibility:
  request_path:
    id: request_path
    pages: "<front>\r\n/cottages\r\n/cottages/*"
    negate: false
    context_mapping: {  }
