uuid: 63f01b9d-33c3-48cf-b208-b9a191caa985
langcode: en
status: true
dependencies:
  module:
    - nt8search
    - system
  theme:
    - nt8theme
_core:
  default_config_hash: Ak25eABpVe8N0Uhab0pHJVurN1vo3W9NZgy2X_lM11A
id: neontabs8searchresultsblock
theme: nt8theme
region: content
weight: -7
provider: null
plugin: nt8search_results_block
settings:
  id: nt8search_results_block
  label: 'Neontabs 8 Search Results Block'
  provider: nt8search
  label_display: '0'
visibility:
  request_path:
    id: request_path
    pages: "/cottages\r\n/cottages/*"
    negate: false
    context_mapping: {  }
