uuid: 8f4d9cde-f65b-4e82-8ced-17839f7bc3bd
langcode: en
status: false
dependencies:
  module:
    - nt8search
  theme:
    - nt8theme
_core:
  default_config_hash: sPKbhl-HGRb5Bj3ZNbZSz6Mhg39vXcI3-fAvXHDh7DQ
id: neontabs8searchblock
theme: nt8theme
region: header
weight: -7
provider: null
plugin: nt8search_block
settings:
  id: nt8search_block
  label: 'Neontabs 8 Search Block'
  provider: nt8search
  label_display: visible
visibility: {  }
