uuid: f94f8413-6e95-4856-bdef-01b7aed444e7
langcode: en
status: true
dependencies:
  module:
    - nt8search
  theme:
    - nt8theme
_core:
  default_config_hash: rlqJ7KDByNIFXRZtoYjEB3YxFtU7Lymqfwg0oZYkeqI
id: nt8search_block
theme: nt8theme
region: sidebar-left
weight: -8
provider: null
plugin: nt8search_block
settings:
  id: nt8search_block
  label: 'Neontabs 8 Search Block'
  provider: nt8search
  label_display: '0'
visibility: {  }
